
Microsoft Visual Studio Solution File, Format Version 12.00
# Visual Studio Version 18
VisualStudioVersion = 18.3.11312.210 d18.3
MinimumVisualStudioVersion = 10.0.40219.1
Project("{6EC3EE1D-3C4E-46DD-8F32-0CC8E7565705}") = "Predict.Readers", "Predict.Readers\Predict.Readers.fsproj", "{9911A7B7-48D3-4931-8BA9-FF71F004CDB5}"
EndProject
Project("{9A19103F-16F7-4668-BE54-9A1E7A4F7556}") = "Predict.Service", "Predict.Service\Predict.Service.csproj", "{FBE7CF07-0B39-425C-B3BC-C8F945862DA3}"
EndProject
Project("{9A19103F-16F7-4668-BE54-9A1E7A4F7556}") = "Predict.Repository", "Predict.Repository\Predict.Repository.csproj", "{EDB1AADD-4837-47C0-8B9C-F930E4F39CA7}"
EndProject
Project("{9A19103F-16F7-4668-BE54-9A1E7A4F7556}") = "Predict.Common", "Predict.Common\Predict.Common.csproj", "{F0731BC9-B2A7-44FA-BFE3-D53624EB2E76}"
EndProject
Project("{FAE04EC0-301F-11D3-BF4B-00C04F79EFBC}") = "Predict.API", "Predict.API\Predict.API.csproj", "{256AAB95-FA8F-441A-83D6-627501FB993B}"
EndProject
Global
	GlobalSection(SolutionConfigurationPlatforms) = preSolution
		Debug|Any CPU = Debug|Any CPU
		Release|Any CPU = Release|Any CPU
	EndGlobalSection
	GlobalSection(ProjectConfigurationPlatforms) = postSolution
		{9911A7B7-48D3-4931-8BA9-FF71F004CDB5}.Debug|Any CPU.ActiveCfg = Debug|Any CPU
		{9911A7B7-48D3-4931-8BA9-FF71F004CDB5}.Debug|Any CPU.Build.0 = Debug|Any CPU
		{9911A7B7-48D3-4931-8BA9-FF71F004CDB5}.Release|Any CPU.ActiveCfg = Release|Any CPU
		{9911A7B7-48D3-4931-8BA9-FF71F004CDB5}.Release|Any CPU.Build.0 = Release|Any CPU
		{FBE7CF07-0B39-425C-B3BC-C8F945862DA3}.Debug|Any CPU.ActiveCfg = Debug|Any CPU
		{FBE7CF07-0B39-425C-B3BC-C8F945862DA3}.Debug|Any CPU.Build.0 = Debug|Any CPU
		{FBE7CF07-0B39-425C-B3BC-C8F945862DA3}.Release|Any CPU.ActiveCfg = Release|Any CPU
		{FBE7CF07-0B39-425C-B3BC-C8F945862DA3}.Release|Any CPU.Build.0 = Release|Any CPU
		{EDB1AADD-4837-47C0-8B9C-F930E4F39CA7}.Debug|Any CPU.ActiveCfg = Debug|Any CPU
		{EDB1AADD-4837-47C0-8B9C-F930E4F39CA7}.Debug|Any CPU.Build.0 = Debug|Any CPU
		{EDB1AADD-4837-47C0-8B9C-F930E4F39CA7}.Release|Any CPU.ActiveCfg = Release|Any CPU
		{EDB1AADD-4837-47C0-8B9C-F930E4F39CA7}.Release|Any CPU.Build.0 = Release|Any CPU
		{F0731BC9-B2A7-44FA-BFE3-D53624EB2E76}.Debug|Any CPU.ActiveCfg = Debug|Any CPU
		{F0731BC9-B2A7-44FA-BFE3-D53624EB2E76}.Debug|Any CPU.Build.0 = Debug|Any CPU
		{F0731BC9-B2A7-44FA-BFE3-D53624EB2E76}.Release|Any CPU.ActiveCfg = Release|Any CPU
		{F0731BC9-B2A7-44FA-BFE3-D53624EB2E76}.Release|Any CPU.Build.0 = Release|Any CPU
		{256AAB95-FA8F-441A-83D6-627501FB993B}.Debug|Any CPU.ActiveCfg = Debug|Any CPU
		{256AAB95-FA8F-441A-83D6-627501FB993B}.Debug|Any CPU.Build.0 = Debug|Any CPU
		{256AAB95-FA8F-441A-83D6-627501FB993B}.Release|Any CPU.ActiveCfg = Release|Any CPU
		{256AAB95-FA8F-441A-83D6-627501FB993B}.Release|Any CPU.Build.0 = Release|Any CPU
	EndGlobalSection
	GlobalSection(SolutionProperties) = preSolution
		HideSolutionNode = FALSE
	EndGlobalSection
	GlobalSection(ExtensibilityGlobals) = postSolution
		SolutionGuid = {BE51C577-0EF9-4B93-B996-8EFFB1974E8F}
	EndGlobalSection
EndGlobal
